
Microsoft Visual Studio Solution File, Format Version 12.00
# Visual Studio Version 17
VisualStudioVersion = 17.1.31911.260
MinimumVisualStudioVersion = 10.0.40219.1
Project("{9A19103F-16F7-4668-BE54-9A1E7A4F7556}") = "ListManagement", "ListManagement\ListManagement.csproj", "{AC7EB457-5108-45F1-BE1D-2E0AEF8AF6BD}"
EndProject
Project("{9A19103F-16F7-4668-BE54-9A1E7A4F7556}") = "Library.ListManagement", "Library.ListManagement\Library.ListManagement.csproj", "{60339E73-047A-49C4-A654-D50D2A52A125}"
EndProject
Project("{FAE04EC0-301F-11D3-BF4B-00C04F79EFBC}") = "UWPListManagement", "UWPListManagement\UWPListManagement.csproj", "{5A553B37-1993-456F-8C2C-C342B20460DF}"
EndProject
Project("{FAE04EC0-301F-11D3-BF4B-00C04F79EFBC}") = "Mobile.ListManagement.Android", "Mobile.ListManagement\Mobile.ListManagement.Android\Mobile.ListManagement.Android.csproj", "{C022CBA5-EBB3-4DD6-A2A0-C44069694EAD}"
EndProject
Project("{FAE04EC0-301F-11D3-BF4B-00C04F79EFBC}") = "Mobile.ListManagement.iOS", "Mobile.ListManagement\Mobile.ListManagement.iOS\Mobile.ListManagement.iOS.csproj", "{F632526C-A093-47E5-A984-D653DD7F4EBA}"
EndProject
Project("{9A19103F-16F7-4668-BE54-9A1E7A4F7556}") = "Mobile.ListManagement", "Mobile.ListManagement\Mobile.ListManagement\Mobile.ListManagement.csproj", "{6912523B-40CB-406E-8639-A3D946A66385}"
EndProject
Project("{FAE04EC0-301F-11D3-BF4B-00C04F79EFBC}") = "Library.ListManagement.Standard", "Library.ListManagement.Standard\Library.ListManagement.Standard.csproj", "{7A92CFD3-8048-4C61-8E1D-7B77235C0762}"
EndProject
Global
	GlobalSection(SolutionConfigurationPlatforms) = preSolution
		Debug|Any CPU = Debug|Any CPU
		Debug|ARM = Debug|ARM
		Debug|ARM64 = Debug|ARM64
		Debug|iPhone = Debug|iPhone
		Debug|iPhoneSimulator = Debug|iPhoneSimulator
		Debug|x64 = Debug|x64
		Debug|x86 = Debug|x86
		Release|Any CPU = Release|Any CPU
		Release|ARM = Release|ARM
		Release|ARM64 = Release|ARM64
		Release|iPhone = Release|iPhone
		Release|iPhoneSimulator = Release|iPhoneSimulator
		Release|x64 = Release|x64
		Release|x86 = Release|x86
	EndGlobalSection
	GlobalSection(ProjectConfigurationPlatforms) = postSolution
		{AC7EB457-5108-45F1-BE1D-2E0AEF8AF6BD}.Debug|Any CPU.ActiveCfg = Debug|Any CPU
		{AC7EB457-5108-45F1-BE1D-2E0AEF8AF6BD}.Debug|Any CPU.Build.0 = Debug|Any CPU
		{AC7EB457-5108-45F1-BE1D-2E0AEF8AF6BD}.Debug|ARM.ActiveCfg = Debug|Any CPU
		{AC7EB457-5108-45F1-BE1D-2E0AEF8AF6BD}.Debug|ARM.Build.0 = Debug|Any CPU
		{AC7EB457-5108-45F1-BE1D-2E0AEF8AF6BD}.Debug|ARM64.ActiveCfg = Debug|Any CPU
		{AC7EB457-5108-45F1-BE1D-2E0AEF8AF6BD}.Debug|ARM64.Build.0 = Debug|Any CPU
		{AC7EB457-5108-45F1-BE1D-2E0AEF8AF6BD}.Debug|iPhone.ActiveCfg = Debug|Any CPU
		{AC7EB457-5108-45F1-BE1D-2E0AEF8AF6BD}.Debug|iPhone.Build.0 = Debug|Any CPU
		{AC7EB457-5108-45F1-BE1D-2E0AEF8AF6BD}.Debug|iPhoneSimulator.ActiveCfg = Debug|Any CPU
		{AC7EB457-5108-45F1-BE1D-2E0AEF8AF6BD}.Debug|iPhoneSimulator.Build.0 = Debug|Any CPU
		{AC7EB457-5108-45F1-BE1D-2E0AEF8AF6BD}.Debug|x64.ActiveCfg = Debug|Any CPU
		{AC7EB457-5108-45F1-BE1D-2E0AEF8AF6BD}.Debug|x64.Build.0 = Debug|Any CPU
		{AC7EB457-5108-45F1-BE1D-2E0AEF8AF6BD}.Debug|x86.ActiveCfg = Debug|Any CPU
		{AC7EB457-5108-45F1-BE1D-2E0AEF8AF6BD}.Debug|x86.Build.0 = Debug|Any CPU
		{AC7EB457-5108-45F1-BE1D-2E0AEF8AF6BD}.Release|Any CPU.ActiveCfg = Release|Any CPU
		{AC7EB457-5108-45F1-BE1D-2E0AEF8AF6BD}.Release|Any CPU.Build.0 = Release|Any CPU
		{AC7EB457-5108-45F1-BE1D-2E0AEF8AF6BD}.Release|ARM.ActiveCfg = Release|Any CPU
		{AC7EB457-5108-45F1-BE1D-2E0AEF8AF6BD}.Release|ARM.Build.0 = Release|Any CPU
		{AC7EB457-5108-45F1-BE1D-2E0AEF8AF6BD}.Release|ARM64.ActiveCfg = Release|Any CPU
		{AC7EB457-5108-45F1-BE1D-2E0AEF8AF6BD}.Release|ARM64.Build.0 = Release|Any CPU
		{AC7EB457-5108-45F1-BE1D-2E0AEF8AF6BD}.Release|iPhone.ActiveCfg = Release|Any CPU
		{AC7EB457-5108-45F1-BE1D-2E0AEF8AF6BD}.Release|iPhone.Build.0 = Release|Any CPU
		{AC7EB457-5108-45F1-BE1D-2E0AEF8AF6BD}.Release|iPhoneSimulator.ActiveCfg = Release|Any CPU
		{AC7EB457-5108-45F1-BE1D-2E0AEF8AF6BD}.Release|iPhoneSimulator.Build.0 = Release|Any CPU
		{AC7EB457-5108-45F1-BE1D-2E0AEF8AF6BD}.Release|x64.ActiveCfg = Release|Any CPU
		{AC7EB457-5108-45F1-BE1D-2E0AEF8AF6BD}.Release|x64.Build.0 = Release|Any CPU
		{AC7EB457-5108-45F1-BE1D-2E0AEF8AF6BD}.Release|x86.ActiveCfg = Release|Any CPU
		{AC7EB457-5108-45F1-BE1D-2E0AEF8AF6BD}.Release|x86.Build.0 = Release|Any CPU
		{60339E73-047A-49C4-A654-D50D2A52A125}.Debug|Any CPU.ActiveCfg = Debug|Any CPU
		{60339E73-047A-49C4-A654-D50D2A52A125}.Debug|Any CPU.Build.0 = Debug|Any CPU
		{60339E73-047A-49C4-A654-D50D2A52A125}.Debug|ARM.ActiveCfg = Debug|Any CPU
		{60339E73-047A-49C4-A654-D50D2A52A125}.Debug|ARM.Build.0 = Debug|Any CPU
		{60339E73-047A-49C4-A654-D50D2A52A125}.Debug|ARM64.ActiveCfg = Debug|Any CPU
		{60339E73-047A-49C4-A654-D50D2A52A125}.Debug|ARM64.Build.0 = Debug|Any CPU
		{60339E73-047A-49C4-A654-D50D2A52A125}.Debug|iPhone.ActiveCfg = Debug|Any CPU
		{60339E73-047A-49C4-A654-D50D2A52A125}.Debug|iPhone.Build.0 = Debug|Any CPU
		{60339E73-047A-49C4-A654-D50D2A52A125}.Debug|iPhoneSimulator.ActiveCfg = Debug|Any CPU
		{60339E73-047A-49C4-A654-D50D2A52A125}.Debug|iPhoneSimulator.Build.0 = Debug|Any CPU
		{60339E73-047A-49C4-A654-D50D2A52A125}.Debug|x64.ActiveCfg = Debug|Any CPU
		{60339E73-047A-49C4-A654-D50D2A52A125}.Debug|x64.Build.0 = Debug|Any CPU
		{60339E73-047A-49C4-A654-D50D2A52A125}.Debug|x86.ActiveCfg = Debug|Any CPU
		{60339E73-047A-49C4-A654-D50D2A52A125}.Debug|x86.Build.0 = Debug|Any CPU
		{60339E73-047A-49C4-A654-D50D2A52A125}.Release|Any CPU.ActiveCfg = Release|Any CPU
		{60339E73-047A-49C4-A654-D50D2A52A125}.Release|Any CPU.Build.0 = Release|Any CPU
		{60339E73-047A-49C4-A654-D50D2A52A125}.Release|ARM.ActiveCfg = Release|Any CPU
		{60339E73-047A-49C4-A654-D50D2A52A125}.Release|ARM.Build.0 = Release|Any CPU
		{60339E73-047A-49C4-A654-D50D2A52A125}.Release|ARM64.ActiveCfg = Release|Any CPU
		{60339E73-047A-49C4-A654-D50D2A52A125}.Release|ARM64.Build.0 = Release|Any CPU
		{60339E73-047A-49C4-A654-D50D2A52A125}.Release|iPhone.ActiveCfg = Release|Any CPU
		{60339E73-047A-49C4-A654-D50D2A52A125}.Release|iPhone.Build.0 = Release|Any CPU
		{60339E73-047A-49C4-A654-D50D2A52A125}.Release|iPhoneSimulator.ActiveCfg = Release|Any CPU
		{60339E73-047A-49C4-A654-D50D2A52A125}.Release|iPhoneSimulator.Build.0 = Release|Any CPU
		{60339E73-047A-49C4-A654-D50D2A52A125}.Release|x64.ActiveCfg = Release|Any CPU
		{60339E73-047A-49C4-A654-D50D2A52A125}.Release|x64.Build.0 = Release|Any CPU
		{60339E73-047A-49C4-A654-D50D2A52A125}.Release|x86.ActiveCfg = Release|Any CPU
		{60339E73-047A-49C4-A654-D50D2A52A125}.Release|x86.Build.0 = Release|Any CPU
		{5A553B37-1993-456F-8C2C-C342B20460DF}.Debug|Any CPU.ActiveCfg = Debug|x64
		{5A553B37-1993-456F-8C2C-C342B20460DF}.Debug|Any CPU.Build.0 = Debug|x64
		{5A553B37-1993-456F-8C2C-C342B20460DF}.Debug|Any CPU.Deploy.0 = Debug|x64
		{5A553B37-1993-456F-8C2C-C342B20460DF}.Debug|ARM.ActiveCfg = Debug|ARM
		{5A553B37-1993-456F-8C2C-C342B20460DF}.Debug|ARM.Build.0 = Debug|ARM
		{5A553B37-1993-456F-8C2C-C342B20460DF}.Debug|ARM.Deploy.0 = Debug|ARM
		{5A553B37-1993-456F-8C2C-C342B20460DF}.Debug|ARM64.ActiveCfg = Debug|ARM64
		{5A553B37-1993-456F-8C2C-C342B20460DF}.Debug|ARM64.Build.0 = Debug|ARM64
		{5A553B37-1993-456F-8C2C-C342B20460DF}.Debug|ARM64.Deploy.0 = Debug|ARM64
		{5A553B37-1993-456F-8C2C-C342B20460DF}.Debug|iPhone.ActiveCfg = Debug|x64
		{5A553B37-1993-456F-8C2C-C342B20460DF}.Debug|iPhone.Build.0 = Debug|x64
		{5A553B37-1993-456F-8C2C-C342B20460DF}.Debug|iPhone.Deploy.0 = Debug|x64
		{5A553B37-1993-456F-8C2C-C342B20460DF}.Debug|iPhoneSimulator.ActiveCfg = Debug|x64
		{5A553B37-1993-456F-8C2C-C342B20460DF}.Debug|iPhoneSimulator.Build.0 = Debug|x64
		{5A553B37-1993-456F-8C2C-C342B20460DF}.Debug|iPhoneSimulator.Deploy.0 = Debug|x64
		{5A553B37-1993-456F-8C2C-C342B20460DF}.Debug|x64.ActiveCfg = Debug|x64
		{5A553B37-1993-456F-8C2C-C342B20460DF}.Debug|x64.Build.0 = Debug|x64
		{5A553B37-1993-456F-8C2C-C342B20460DF}.Debug|x64.Deploy.0 = Debug|x64
		{5A553B37-1993-456F-8C2C-C342B20460DF}.Debug|x86.ActiveCfg = Debug|x86
		{5A553B37-1993-456F-8C2C-C342B20460DF}.Debug|x86.Build.0 = Debug|x86
		{5A553B37-1993-456F-8C2C-C342B20460DF}.Debug|x86.Deploy.0 = Debug|x86
		{5A553B37-1993-456F-8C2C-C342B20460DF}.Release|Any CPU.ActiveCfg = Release|x64
		{5A553B37-1993-456F-8C2C-C342B20460DF}.Release|Any CPU.Build.0 = Release|x64
		{5A553B37-1993-456F-8C2C-C342B20460DF}.Release|Any CPU.Deploy.0 = Release|x64
		{5A553B37-1993-456F-8C2C-C342B20460DF}.Release|ARM.ActiveCfg = Release|ARM
		{5A553B37-1993-456F-8C2C-C342B20460DF}.Release|ARM.Build.0 = Release|ARM
		{5A553B37-1993-456F-8C2C-C342B20460DF}.Release|ARM.Deploy.0 = Release|ARM
		{5A553B37-1993-456F-8C2C-C342B20460DF}.Release|ARM64.ActiveCfg = Release|ARM64
		{5A553B37-1993-456F-8C2C-C342B20460DF}.Release|ARM64.Build.0 = Release|ARM64
		{5A553B37-1993-456F-8C2C-C342B20460DF}.Release|ARM64.Deploy.0 = Release|ARM64
		{5A553B37-1993-456F-8C2C-C342B20460DF}.Release|iPhone.ActiveCfg = Release|x64
		{5A553B37-1993-456F-8C2C-C342B20460DF}.Release|iPhone.Build.0 = Release|x64
		{5A553B37-1993-456F-8C2C-C342B20460DF}.Release|iPhone.Deploy.0 = Release|x64
		{5A553B37-1993-456F-8C2C-C342B20460DF}.Release|iPhoneSimulator.ActiveCfg = Release|x64
		{5A553B37-1993-456F-8C2C-C342B20460DF}.Release|iPhoneSimulator.Build.0 = Release|x64
		{5A553B37-1993-456F-8C2C-C342B20460DF}.Release|iPhoneSimulator.Deploy.0 = Release|x64
		{5A553B37-1993-456F-8C2C-C342B20460DF}.Release|x64.ActiveCfg = Release|x64
		{5A553B37-1993-456F-8C2C-C342B20460DF}.Release|x64.Build.0 = Release|x64
		{5A553B37-1993-456F-8C2C-C342B20460DF}.Release|x64.Deploy.0 = Release|x64
		{5A553B37-1993-456F-8C2C-C342B20460DF}.Release|x86.ActiveCfg = Release|x86
		{5A553B37-1993-456F-8C2C-C342B20460DF}.Release|x86.Build.0 = Release|x86
		{5A553B37-1993-456F-8C2C-C342B20460DF}.Release|x86.Deploy.0 = Release|x86
		{C022CBA5-EBB3-4DD6-A2A0-C44069694EAD}.Debug|Any CPU.ActiveCfg = Debug|Any CPU
		{C022CBA5-EBB3-4DD6-A2A0-C44069694EAD}.Debug|Any CPU.Build.0 = Debug|Any CPU
		{C022CBA5-EBB3-4DD6-A2A0-C44069694EAD}.Debug|Any CPU.Deploy.0 = Debug|Any CPU
		{C022CBA5-EBB3-4DD6-A2A0-C44069694EAD}.Debug|ARM.ActiveCfg = Debug|Any CPU
		{C022CBA5-EBB3-4DD6-A2A0-C44069694EAD}.Debug|ARM.Build.0 = Debug|Any CPU
		{C022CBA5-EBB3-4DD6-A2A0-C44069694EAD}.Debug|ARM.Deploy.0 = Debug|Any CPU
		{C022CBA5-EBB3-4DD6-A2A0-C44069694EAD}.Debug|ARM64.ActiveCfg = Debug|Any CPU
		{C022CBA5-EBB3-4DD6-A2A0-C44069694EAD}.Debug|ARM64.Build.0 = Debug|Any CPU
		{C022CBA5-EBB3-4DD6-A2A0-C44069694EAD}.Debug|ARM64.Deploy.0 = Debug|Any CPU
		{C022CBA5-EBB3-4DD6-A2A0-C44069694EAD}.Debug|iPhone.ActiveCfg = Debug|Any CPU
		{C022CBA5-EBB3-4DD6-A2A0-C44069694EAD}.Debug|iPhone.Build.0 = Debug|Any CPU
		{C022CBA5-EBB3-4DD6-A2A0-C44069694EAD}.Debug|iPhone.Deploy.0 = Debug|Any CPU
		{C022CBA5-EBB3-4DD6-A2A0-C44069694EAD}.Debug|iPhoneSimulator.ActiveCfg = Debug|Any CPU
		{C022CBA5-EBB3-4DD6-A2A0-C44069694EAD}.Debug|iPhoneSimulator.Build.0 = Debug|Any CPU
		{C022CBA5-EBB3-4DD6-A2A0-C44069694EAD}.Debug|iPhoneSimulator.Deploy.0 = Debug|Any CPU
		{C022CBA5-EBB3-4DD6-A2A0-C44069694EAD}.Debug|x64.ActiveCfg = Debug|Any CPU
		{C022CBA5-EBB3-4DD6-A2A0-C44069694EAD}.Debug|x64.Build.0 = Debug|Any CPU
		{C022CBA5-EBB3-4DD6-A2A0-C44069694EAD}.Debug|x64.Deploy.0 = Debug|Any CPU
		{C022CBA5-EBB3-4DD6-A2A0-C44069694EAD}.Debug|x86.ActiveCfg = Debug|Any CPU
		{C022CBA5-EBB3-4DD6-A2A0-C44069694EAD}.Debug|x86.Build.0 = Debug|Any CPU
		{C022CBA5-EBB3-4DD6-A2A0-C44069694EAD}.Debug|x86.Deploy.0 = Debug|Any CPU
		{C022CBA5-EBB3-4DD6-A2A0-C44069694EAD}.Release|Any CPU.ActiveCfg = Release|Any CPU
		{C022CBA5-EBB3-4DD6-A2A0-C44069694EAD}.Release|Any CPU.Build.0 = Release|Any CPU
		{C022CBA5-EBB3-4DD6-A2A0-C44069694EAD}.Release|Any CPU.Deploy.0 = Release|Any CPU
		{C022CBA5-EBB3-4DD6-A2A0-C44069694EAD}.Release|ARM.ActiveCfg = Release|Any CPU
		{C022CBA5-EBB3-4DD6-A2A0-C44069694EAD}.Release|ARM.Build.0 = Release|Any CPU
		{C022CBA5-EBB3-4DD6-A2A0-C44069694EAD}.Release|ARM.Deploy.0 = Release|Any CPU
		{C022CBA5-EBB3-4DD6-A2A0-C44069694EAD}.Release|ARM64.ActiveCfg = Release|Any CPU
		{C022CBA5-EBB3-4DD6-A2A0-C44069694EAD}.Release|ARM64.Build.0 = Release|Any CPU
		{C022CBA5-EBB3-4DD6-A2A0-C44069694EAD}.Release|ARM64.Deploy.0 = Release|Any CPU
		{C022CBA5-EBB3-4DD6-A2A0-C44069694EAD}.Release|iPhone.ActiveCfg = Release|Any CPU
		{C022CBA5-EBB3-4DD6-A2A0-C44069694EAD}.Release|iPhone.Build.0 = Release|Any CPU
		{C022CBA5-EBB3-4DD6-A2A0-C44069694EAD}.Release|iPhone.Deploy.0 = Release|Any CPU
		{C022CBA5-EBB3-4DD6-A2A0-C44069694EAD}.Release|iPhoneSimulator.ActiveCfg = Release|Any CPU
		{C022CBA5-EBB3-4DD6-A2A0-C44069694EAD}.Release|iPhoneSimulator.Build.0 = Release|Any CPU
		{C022CBA5-EBB3-4DD6-A2A0-C44069694EAD}.Release|iPhoneSimulator.Deploy.0 = Release|Any CPU
		{C022CBA5-EBB3-4DD6-A2A0-C44069694EAD}.Release|x64.ActiveCfg = Release|Any CPU
		{C022CBA5-EBB3-4DD6-A2A0-C44069694EAD}.Release|x64.Build.0 = Release|Any CPU
		{C022CBA5-EBB3-4DD6-A2A0-C44069694EAD}.Release|x64.Deploy.0 = Release|Any CPU
		{C022CBA5-EBB3-4DD6-A2A0-C44069694EAD}.Release|x86.ActiveCfg = Release|Any CPU
		{C022CBA5-EBB3-4DD6-A2A0-C44069694EAD}.Release|x86.Build.0 = Release|Any CPU
		{C022CBA5-EBB3-4DD6-A2A0-C44069694EAD}.Release|x86.Deploy.0 = Release|Any CPU
		{F632526C-A093-47E5-A984-D653DD7F4EBA}.Debug|Any CPU.ActiveCfg = Debug|iPhoneSimulator
		{F632526C-A093-47E5-A984-D653DD7F4EBA}.Debug|Any CPU.Build.0 = Debug|iPhoneSimulator
		{F632526C-A093-47E5-A984-D653DD7F4EBA}.Debug|ARM.ActiveCfg = Debug|iPhoneSimulator
		{F632526C-A093-47E5-A984-D653DD7F4EBA}.Debug|ARM.Build.0 = Debug|iPhoneSimulator
		{F632526C-A093-47E5-A984-D653DD7F4EBA}.Debug|ARM64.ActiveCfg = Debug|iPhoneSimulator
		{F632526C-A093-47E5-A984-D653DD7F4EBA}.Debug|ARM64.Build.0 = Debug|iPhoneSimulator
		{F632526C-A093-47E5-A984-D653DD7F4EBA}.Debug|iPhone.ActiveCfg = Debug|iPhone
		{F632526C-A093-47E5-A984-D653DD7F4EBA}.Debug|iPhone.Build.0 = Debug|iPhone
		{F632526C-A093-47E5-A984-D653DD7F4EBA}.Debug|iPhoneSimulator.ActiveCfg = Debug|iPhoneSimulator
		{F632526C-A093-47E5-A984-D653DD7F4EBA}.Debug|iPhoneSimulator.Build.0 = Debug|iPhoneSimulator
		{F632526C-A093-47E5-A984-D653DD7F4EBA}.Debug|x64.ActiveCfg = Debug|iPhoneSimulator
		{F632526C-A093-47E5-A984-D653DD7F4EBA}.Debug|x64.Build.0 = Debug|iPhoneSimulator
		{F632526C-A093-47E5-A984-D653DD7F4EBA}.Debug|x86.ActiveCfg = Debug|iPhoneSimulator
		{F632526C-A093-47E5-A984-D653DD7F4EBA}.Debug|x86.Build.0 = Debug|iPhoneSimulator
		{F632526C-A093-47E5-A984-D653DD7F4EBA}.Release|Any CPU.ActiveCfg = Release|iPhoneSimulator
		{F632526C-A093-47E5-A984-D653DD7F4EBA}.Release|Any CPU.Build.0 = Release|iPhoneSimulator
		{F632526C-A093-47E5-A984-D653DD7F4EBA}.Release|ARM.ActiveCfg = Release|iPhoneSimulator
		{F632526C-A093-47E5-A984-D653DD7F4EBA}.Release|ARM.Build.0 = Release|iPhoneSimulator
		{F632526C-A093-47E5-A984-D653DD7F4EBA}.Release|ARM64.ActiveCfg = Release|iPhoneSimulator
		{F632526C-A093-47E5-A984-D653DD7F4EBA}.Release|ARM64.Build.0 = Release|iPhoneSimulator
		{F632526C-A093-47E5-A984-D653DD7F4EBA}.Release|iPhone.ActiveCfg = Release|iPhone
		{F632526C-A093-47E5-A984-D653DD7F4EBA}.Release|iPhone.Build.0 = Release|iPhone
		{F632526C-A093-47E5-A984-D653DD7F4EBA}.Release|iPhoneSimulator.ActiveCfg = Release|iPhoneSimulator
		{F632526C-A093-47E5-A984-D653DD7F4EBA}.Release|iPhoneSimulator.Build.0 = Release|iPhoneSimulator
		{F632526C-A093-47E5-A984-D653DD7F4EBA}.Release|x64.ActiveCfg = Release|iPhoneSimulator
		{F632526C-A093-47E5-A984-D653DD7F4EBA}.Release|x64.Build.0 = Release|iPhoneSimulator
		{F632526C-A093-47E5-A984-D653DD7F4EBA}.Release|x86.ActiveCfg = Release|iPhoneSimulator
		{F632526C-A093-47E5-A984-D653DD7F4EBA}.Release|x86.Build.0 = Release|iPhoneSimulator
		{6912523B-40CB-406E-8639-A3D946A66385}.Debug|Any CPU.ActiveCfg = Debug|Any CPU
		{6912523B-40CB-406E-8639-A3D946A66385}.Debug|Any CPU.Build.0 = Debug|Any CPU
		{6912523B-40CB-406E-8639-A3D946A66385}.Debug|ARM.ActiveCfg = Debug|Any CPU
		{6912523B-40CB-406E-8639-A3D946A66385}.Debug|ARM.Build.0 = Debug|Any CPU
		{6912523B-40CB-406E-8639-A3D946A66385}.Debug|ARM64.ActiveCfg = Debug|Any CPU
		{6912523B-40CB-406E-8639-A3D946A66385}.Debug|ARM64.Build.0 = Debug|Any CPU
		{6912523B-40CB-406E-8639-A3D946A66385}.Debug|iPhone.ActiveCfg = Debug|Any CPU
		{6912523B-40CB-406E-8639-A3D946A66385}.Debug|iPhone.Build.0 = Debug|Any CPU
		{6912523B-40CB-406E-8639-A3D946A66385}.Debug|iPhoneSimulator.ActiveCfg = Debug|Any CPU
		{6912523B-40CB-406E-8639-A3D946A66385}.Debug|iPhoneSimulator.Build.0 = Debug|Any CPU
		{6912523B-40CB-406E-8639-A3D946A66385}.Debug|x64.ActiveCfg = Debug|Any CPU
		{6912523B-40CB-406E-8639-A3D946A66385}.Debug|x64.Build.0 = Debug|Any CPU
		{6912523B-40CB-406E-8639-A3D946A66385}.Debug|x86.ActiveCfg = Debug|Any CPU
		{6912523B-40CB-406E-8639-A3D946A66385}.Debug|x86.Build.0 = Debug|Any CPU
		{6912523B-40CB-406E-8639-A3D946A66385}.Release|Any CPU.ActiveCfg = Release|Any CPU
		{6912523B-40CB-406E-8639-A3D946A66385}.Release|Any CPU.Build.0 = Release|Any CPU
		{6912523B-40CB-406E-8639-A3D946A66385}.Release|ARM.ActiveCfg = Release|Any CPU
		{6912523B-40CB-406E-8639-A3D946A66385}.Release|ARM.Build.0 = Release|Any CPU
		{6912523B-40CB-406E-8639-A3D946A66385}.Release|ARM64.ActiveCfg = Release|Any CPU
		{6912523B-40CB-406E-8639-A3D946A66385}.Release|ARM64.Build.0 = Release|Any CPU
		{6912523B-40CB-406E-8639-A3D946A66385}.Release|iPhone.ActiveCfg = Release|Any CPU
		{6912523B-40CB-406E-8639-A3D946A66385}.Release|iPhone.Build.0 = Release|Any CPU
		{6912523B-40CB-406E-8639-A3D946A66385}.Release|iPhoneSimulator.ActiveCfg = Release|Any CPU
		{6912523B-40CB-406E-8639-A3D946A66385}.Release|iPhoneSimulator.Build.0 = Release|Any CPU
		{6912523B-40CB-406E-8639-A3D946A66385}.Release|x64.ActiveCfg = Release|Any CPU
		{6912523B-40CB-406E-8639-A3D946A66385}.Release|x64.Build.0 = Release|Any CPU
		{6912523B-40CB-406E-8639-A3D946A66385}.Release|x86.ActiveCfg = Release|Any CPU
		{6912523B-40CB-406E-8639-A3D946A66385}.Release|x86.Build.0 = Release|Any CPU
		{7A92CFD3-8048-4C61-8E1D-7B77235C0762}.Debug|Any CPU.ActiveCfg = Debug|Any CPU
		{7A92CFD3-8048-4C61-8E1D-7B77235C0762}.Debug|Any CPU.Build.0 = Debug|Any CPU
		{7A92CFD3-8048-4C61-8E1D-7B77235C0762}.Debug|ARM.ActiveCfg = Debug|Any CPU
		{7A92CFD3-8048-4C61-8E1D-7B77235C0762}.Debug|ARM.Build.0 = Debug|Any CPU
		{7A92CFD3-8048-4C61-8E1D-7B77235C0762}.Debug|ARM64.ActiveCfg = Debug|Any CPU
		{7A92CFD3-8048-4C61-8E1D-7B77235C0762}.Debug|ARM64.Build.0 = Debug|Any CPU
		{7A92CFD3-8048-4C61-8E1D-7B77235C0762}.Debug|iPhone.ActiveCfg = Debug|Any CPU
		{7A92CFD3-8048-4C61-8E1D-7B77235C0762}.Debug|iPhone.Build.0 = Debug|Any CPU
		{7A92CFD3-8048-4C61-8E1D-7B77235C0762}.Debug|iPhoneSimulator.ActiveCfg = Debug|Any CPU
		{7A92CFD3-8048-4C61-8E1D-7B77235C0762}.Debug|iPhoneSimulator.Build.0 = Debug|Any CPU
		{7A92CFD3-8048-4C61-8E1D-7B77235C0762}.Debug|x64.ActiveCfg = Debug|Any CPU
		{7A92CFD3-8048-4C61-8E1D-7B77235C0762}.Debug|x64.Build.0 = Debug|Any CPU
		{7A92CFD3-8048-4C61-8E1D-7B77235C0762}.Debug|x86.ActiveCfg = Debug|Any CPU
		{7A92CFD3-8048-4C61-8E1D-7B77235C0762}.Debug|x86.Build.0 = Debug|Any CPU
		{7A92CFD3-8048-4C61-8E1D-7B77235C0762}.Release|Any CPU.ActiveCfg = Release|Any CPU
		{7A92CFD3-8048-4C61-8E1D-7B77235C0762}.Release|Any CPU.Build.0 = Release|Any CPU
		{7A92CFD3-8048-4C61-8E1D-7B77235C0762}.Release|ARM.ActiveCfg = Release|Any CPU
		{7A92CFD3-8048-4C61-8E1D-7B77235C0762}.Release|ARM.Build.0 = Release|Any CPU
		{7A92CFD3-8048-4C61-8E1D-7B77235C0762}.Release|ARM64.ActiveCfg = Release|Any CPU
		{7A92CFD3-8048-4C61-8E1D-7B77235C0762}.Release|ARM64.Build.0 = Release|Any CPU
		{7A92CFD3-8048-4C61-8E1D-7B77235C0762}.Release|iPhone.ActiveCfg = Release|Any CPU
		{7A92CFD3-8048-4C61-8E1D-7B77235C0762}.Release|iPhone.Build.0 = Release|Any CPU
		{7A92CFD3-8048-4C61-8E1D-7B77235C0762}.Release|iPhoneSimulator.ActiveCfg = Release|Any CPU
		{7A92CFD3-8048-4C61-8E1D-7B77235C0762}.Release|iPhoneSimulator.Build.0 = Release|Any CPU
		{7A92CFD3-8048-4C61-8E1D-7B77235C0762}.Release|x64.ActiveCfg = Release|Any CPU
		{7A92CFD3-8048-4C61-8E1D-7B77235C0762}.Release|x64.Build.0 = Release|Any CPU
		{7A92CFD3-8048-4C61-8E1D-7B77235C0762}.Release|x86.ActiveCfg = Release|Any CPU
		{7A92CFD3-8048-4C61-8E1D-7B77235C0762}.Release|x86.Build.0 = Release|Any CPU
	EndGlobalSection
	GlobalSection(SolutionProperties) = preSolution
		HideSolutionNode = FALSE
	EndGlobalSection
	GlobalSection(ExtensibilityGlobals) = postSolution
		SolutionGuid = {4DE40001-8F17-462A-B757-9439D3A76E32}
	EndGlobalSection
EndGlobal
